
Microsoft Visual Studio Solution File, Format Version 12.00
# Visual Studio Version 16
VisualStudioVersion = 16.0.29806.167
MinimumVisualStudioVersion = 10.0.40219.1
Project("{F184B08F-C81C-45F6-A57F-5ABD9991F28F}") = "AventuresWork-Web", "AventuresWork-Web\AventuresWork-Web.vbproj", "{EC377F15-504B-4F8A-8B6F-596D8A4B3674}"
EndProject
Global
	GlobalSection(SolutionConfigurationPlatforms) = preSolution
		Debug|Any CPU = Debug|Any CPU
		Release|Any CPU = Release|Any CPU
	EndGlobalSection
	GlobalSection(ProjectConfigurationPlatforms) = postSolution
		{EC377F15-504B-4F8A-8B6F-596D8A4B3674}.Debug|Any CPU.ActiveCfg = Debug|Any CPU
		{EC377F15-504B-4F8A-8B6F-596D8A4B3674}.Debug|Any CPU.Build.0 = Debug|Any CPU
		{EC377F15-504B-4F8A-8B6F-596D8A4B3674}.Release|Any CPU.ActiveCfg = Release|Any CPU
		{EC377F15-504B-4F8A-8B6F-596D8A4B3674}.Release|Any CPU.Build.0 = Release|Any CPU
	EndGlobalSection
	GlobalSection(SolutionProperties) = preSolution
		HideSolutionNode = FALSE
	EndGlobalSection
	GlobalSection(ExtensibilityGlobals) = postSolution
		SolutionGuid = {881F54ED-3CD8-4F19-B19E-C72D6E906BA3}
	EndGlobalSection
EndGlobal
